
Microsoft Visual Studio Solution File, Format Version 12.00
# Visual Studio Version 16
VisualStudioVersion = 16.0.30011.22
MinimumVisualStudioVersion = 10.0.40219.1
Project("{FAE04EC0-301F-11D3-BF4B-00C04F79EFBC}") = "WindowsService1", "WindowsService1\WindowsService1.csproj", "{0405205C-C2A0-4F9A-A221-48B5C70DF3B6}"
EndProject
Global
	GlobalSection(SolutionConfigurationPlatforms) = preSolution
		Debug|Any CPU = Debug|Any CPU
		Release|Any CPU = Release|Any CPU
		Release|x64 = Release|x64
	EndGlobalSection
	GlobalSection(ProjectConfigurationPlatforms) = postSolution
		{0405205C-C2A0-4F9A-A221-48B5C70DF3B6}.Debug|Any CPU.ActiveCfg = Debug|Any CPU
		{0405205C-C2A0-4F9A-A221-48B5C70DF3B6}.Debug|Any CPU.Build.0 = Debug|Any CPU
		{0405205C-C2A0-4F9A-A221-48B5C70DF3B6}.Release|Any CPU.ActiveCfg = Release|Any CPU
		{0405205C-C2A0-4F9A-A221-48B5C70DF3B6}.Release|Any CPU.Build.0 = Release|Any CPU
		{0405205C-C2A0-4F9A-A221-48B5C70DF3B6}.Release|x64.ActiveCfg = Release|x64
		{0405205C-C2A0-4F9A-A221-48B5C70DF3B6}.Release|x64.Build.0 = Release|x64
	EndGlobalSection
	GlobalSection(SolutionProperties) = preSolution
		HideSolutionNode = FALSE
	EndGlobalSection
	GlobalSection(ExtensibilityGlobals) = postSolution
		SolutionGuid = {C5331E46-D53B-4B47-942A-343CB750F8BB}
	EndGlobalSection
EndGlobal
