
Microsoft Visual Studio Solution File, Format Version 12.00
# Visual Studio Version 16
VisualStudioVersion = 16.0.30128.74
MinimumVisualStudioVersion = 10.0.40219.1
Project("{FAE04EC0-301F-11D3-BF4B-00C04F79EFBC}") = "Atlas", "Atlas.csproj", "{91F7A9DA-F045-4239-A1E9-487FFDD65986}"
EndProject
Global
	GlobalSection(SolutionConfigurationPlatforms) = preSolution
		Debug|Any CPU = Debug|Any CPU
		Release|Any CPU = Release|Any CPU
		Release|Any CPU = Release|Any CPU
		Release|x64 = Release|x64
		Release|x86 = Release|x86
	EndGlobalSection
	GlobalSection(ProjectConfigurationPlatforms) = postSolution
		{91F7A9DA-F045-4239-A1E9-487FFDD65986}.Debug|Any CPU.ActiveCfg = Debug|Any CPU
		{91F7A9DA-F045-4239-A1E9-487FFDD65986}.Debug|Any CPU.Build.0 = Debug|Any CPU
		{91F7A9DA-F045-4239-A1E9-487FFDD65986}.Release|Any CPU.ActiveCfg = Release|Any CPU
		{91F7A9DA-F045-4239-A1E9-487FFDD65986}.Release|Any CPU.Build.0 = Release|Any CPU
        {91F7A9DA-F045-4239-A1E9-487FFDD65986}.Release|x86.ActiveCfg = Release|x86
		{91F7A9DA-F045-4239-A1E9-487FFDD65986}.Release|x86.Build.0 = Release|x86
        {91F7A9DA-F045-4239-A1E9-487FFDD65986}.Release|x64.ActiveCfg = Release|x64
		{91F7A9DA-F045-4239-A1E9-487FFDD65986}.Release|x64.Build.0 = Release|x64
	EndGlobalSection
	GlobalSection(SolutionProperties) = preSolution
		HideSolutionNode = FALSE
	EndGlobalSection
	GlobalSection(ExtensibilityGlobals) = postSolution
		SolutionGuid = {C05DCD78-C70F-4281-8B71-E5810D2B85A7}
	EndGlobalSection
EndGlobal
